
Microsoft Visual Studio Solution File, Format Version 12.00
# Visual Studio Version 17
VisualStudioVersion = 17.11.35431.28
MinimumVisualStudioVersion = 10.0.40219.1
Project("{FAE04EC0-301F-11D3-BF4B-00C04F79EFBC}") = "ApiRestFulGestionPedidosProductos.Api", "ApiResFullGestionPedidosProductos\ApiRestFulGestionPedidosProductos.Api.csproj", "{2EDB4C1B-A41B-4FAA-BC80-6F6932E6B284}"
EndProject
Project("{FAE04EC0-301F-11D3-BF4B-00C04F79EFBC}") = "ApiRestFulGestionPedidosProductos.Dominio", "ApiRestFulGestionPedidosProductos.Dominio\ApiRestFulGestionPedidosProductos.Dominio.csproj", "{8E20ACA7-BF1E-41DB-93A3-CF5654501086}"
EndProject
Project("{FAE04EC0-301F-11D3-BF4B-00C04F79EFBC}") = "ApiRestFulGestionPedidosProductos.Infraestructura", "ApiRestFulGestionPedidosProductos.Infraestructura\ApiRestFulGestionPedidosProductos.Infraestructura.csproj", "{21FCBE3C-5334-4634-A45A-461842AF0B62}"
EndProject
Project("{FAE04EC0-301F-11D3-BF4B-00C04F79EFBC}") = "ApiRestFulGestionPedidosProductos.Aplicacion", "ApiRestFulGestionPedidosProductos.Aplicacion\ApiRestFulGestionPedidosProductos.Aplicacion.csproj", "{FE6F9E15-9609-4850-9B87-A572B54BA894}"
EndProject
Project("{FAE04EC0-301F-11D3-BF4B-00C04F79EFBC}") = "ApiRestFulGestionPedidosProductos.Test", "ApiRestFulGestionPedidosProductos.Test\ApiRestFulGestionPedidosProductos.Test.csproj", "{B78BB393-5F33-40AC-B2FD-E8788CD86D73}"
EndProject
Global
	GlobalSection(SolutionConfigurationPlatforms) = preSolution
		Debug|Any CPU = Debug|Any CPU
		Release|Any CPU = Release|Any CPU
	EndGlobalSection
	GlobalSection(ProjectConfigurationPlatforms) = postSolution
		{2EDB4C1B-A41B-4FAA-BC80-6F6932E6B284}.Debug|Any CPU.ActiveCfg = Debug|Any CPU
		{2EDB4C1B-A41B-4FAA-BC80-6F6932E6B284}.Debug|Any CPU.Build.0 = Debug|Any CPU
		{2EDB4C1B-A41B-4FAA-BC80-6F6932E6B284}.Release|Any CPU.ActiveCfg = Release|Any CPU
		{2EDB4C1B-A41B-4FAA-BC80-6F6932E6B284}.Release|Any CPU.Build.0 = Release|Any CPU
		{8E20ACA7-BF1E-41DB-93A3-CF5654501086}.Debug|Any CPU.ActiveCfg = Debug|Any CPU
		{8E20ACA7-BF1E-41DB-93A3-CF5654501086}.Debug|Any CPU.Build.0 = Debug|Any CPU
		{8E20ACA7-BF1E-41DB-93A3-CF5654501086}.Release|Any CPU.ActiveCfg = Release|Any CPU
		{8E20ACA7-BF1E-41DB-93A3-CF5654501086}.Release|Any CPU.Build.0 = Release|Any CPU
		{21FCBE3C-5334-4634-A45A-461842AF0B62}.Debug|Any CPU.ActiveCfg = Debug|Any CPU
		{21FCBE3C-5334-4634-A45A-461842AF0B62}.Debug|Any CPU.Build.0 = Debug|Any CPU
		{21FCBE3C-5334-4634-A45A-461842AF0B62}.Release|Any CPU.ActiveCfg = Release|Any CPU
		{21FCBE3C-5334-4634-A45A-461842AF0B62}.Release|Any CPU.Build.0 = Release|Any CPU
		{FE6F9E15-9609-4850-9B87-A572B54BA894}.Debug|Any CPU.ActiveCfg = Debug|Any CPU
		{FE6F9E15-9609-4850-9B87-A572B54BA894}.Debug|Any CPU.Build.0 = Debug|Any CPU
		{FE6F9E15-9609-4850-9B87-A572B54BA894}.Release|Any CPU.ActiveCfg = Release|Any CPU
		{FE6F9E15-9609-4850-9B87-A572B54BA894}.Release|Any CPU.Build.0 = Release|Any CPU
		{B78BB393-5F33-40AC-B2FD-E8788CD86D73}.Debug|Any CPU.ActiveCfg = Debug|Any CPU
		{B78BB393-5F33-40AC-B2FD-E8788CD86D73}.Debug|Any CPU.Build.0 = Debug|Any CPU
		{B78BB393-5F33-40AC-B2FD-E8788CD86D73}.Release|Any CPU.ActiveCfg = Release|Any CPU
		{B78BB393-5F33-40AC-B2FD-E8788CD86D73}.Release|Any CPU.Build.0 = Release|Any CPU
	EndGlobalSection
	GlobalSection(SolutionProperties) = preSolution
		HideSolutionNode = FALSE
	EndGlobalSection
	GlobalSection(ExtensibilityGlobals) = postSolution
		SolutionGuid = {256DA469-2446-46EE-B277-09A31D05F8DB}
	EndGlobalSection
EndGlobal
